// !$*UTF8*$!
{
	archiveVersion = 1;
	classes = {
	};
	objectVersion = 46;
	objects = {

/* Begin PBXBuildFile section */
		2C3A20AC199C61B70092AFB9 /* AppDelegate.swift in Sources */ = {isa = PBXBuildFile; fileRef = 2C3A20AB199C61B70092AFB9 /* AppDelegate.swift */; };
		2C3A20AE199C61B70092AFB9 /* ViewController.swift in Sources */ = {isa = PBXBuildFile; fileRef = 2C3A20AD199C61B70092AFB9 /* ViewController.swift */; };
		2C3A20B1199C61B70092AFB9 /* Main.storyboard in Resources */ = {isa = PBXBuildFile; fileRef = 2C3A20AF199C61B70092AFB9 /* Main.storyboard */; };
		2C3A20B3199C61B70092AFB9 /* Images.xcassets in Resources */ = {isa = PBXBuildFile; fileRef = 2C3A20B2199C61B70092AFB9 /* Images.xcassets */; };
		2C3A20BF199C61B70092AFB9 /* PersonTests.swift in Sources */ = {isa = PBXBuildFile; fileRef = 2C3A20BE199C61B70092AFB9 /* PersonTests.swift */; };
		2C3A20C9199C61C80092AFB9 /* person.swift in Sources */ = {isa = PBXBuildFile; fileRef = 2C3A20C8199C61C80092AFB9 /* person.swift */; };
		2C3A20CB199C6E230092AFB9 /* detailViewController.swift in Sources */ = {isa = PBXBuildFile; fileRef = 2C3A20CA199C6E230092AFB9 /* detailViewController.swift */; };
		2C3A212719A554EB0092AFB9 /* yikbbrkiE.png in Resources */ = {isa = PBXBuildFile; fileRef = 2C3A212619A554EB0092AFB9 /* yikbbrkiE.png */; };
/* End PBXBuildFile section */

/* Begin PBXContainerItemProxy section */
		2C3A20B9199C61B70092AFB9 /* PBXContainerItemProxy */ = {
			isa = PBXContainerItemProxy;
			containerPortal = 2C3A209E199C61B70092AFB9 /* Project object */;
			proxyType = 1;
			remoteGlobalIDString = 2C3A20A5199C61B70092AFB9;
			remoteInfo = Person;
		};
/* End PBXContainerItemProxy section */

/* Begin PBXFileReference section */
		2C3A20A6199C61B70092AFB9 /* Person.app */ = {isa = PBXFileReference; explicitFileType = wrapper.application; includeInIndex = 0; path = Person.app; sourceTree = BUILT_PRODUCTS_DIR; };
		2C3A20AA199C61B70092AFB9 /* Info.plist */ = {isa = PBXFileReference; lastKnownFileType = text.plist.xml; path = Info.plist; sourceTree = "<group>"; };
		2C3A20AB199C61B70092AFB9 /* AppDelegate.swift */ = {isa = PBXFileReference; lastKnownFileType = sourcecode.swift; path = AppDelegate.swift; sourceTree = "<group>"; };
		2C3A20AD199C61B70092AFB9 /* ViewController.swift */ = {isa = PBXFileReference; lastKnownFileType = sourcecode.swift; path = ViewController.swift; sourceTree = "<group>"; };
		2C3A20B0199C61B70092AFB9 /* Base */ = {isa = PBXFileReference; lastKnownFileType = file.storyboard; name = Base; path = Base.lproj/Main.storyboard; sourceTree = "<group>"; };
		2C3A20B2199C61B70092AFB9 /* Images.xcassets */ = {isa = PBXFileReference; lastKnownFileType = folder.assetcatalog; path = Images.xcassets; sourceTree = "<group>"; };
		2C3A20B8199C61B70092AFB9 /* PersonTests.xctest */ = {isa = PBXFileReference; explicitFileType = wrapper.cfbundle; includeInIndex = 0; path = PersonTests.xctest; sourceTree = BUILT_PRODUCTS_DIR; };
		2C3A20BD199C61B70092AFB9 /* Info.plist */ = {isa = PBXFileReference; lastKnownFileType = text.plist.xml; path = Info.plist; sourceTree = "<group>"; };
		2C3A20BE199C61B70092AFB9 /* PersonTests.swift */ = {isa = PBXFileReference; lastKnownFileType = sourcecode.swift; path = PersonTests.swift; sourceTree = "<group>"; };
		2C3A20C8199C61C80092AFB9 /* person.swift */ = {isa = PBXFileReference; fileEncoding = 4; lastKnownFileType = sourcecode.swift; name = person.swift; path = ../person.swift; sourceTree = "<group>"; };
		2C3A20CA199C6E230092AFB9 /* detailViewController.swift */ = {isa = PBXFileReference; fileEncoding = 4; lastKnownFileType = sourcecode.swift; path = detailViewController.swift; sourceTree = "<group>"; };
		2C3A212619A554EB0092AFB9 /* yikbbrkiE.png */ = {isa = PBXFileReference; lastKnownFileType = image.png; path = yikbbrkiE.png; sourceTree = "<group>"; };
/* End PBXFileReference section */

/* Begin PBXFrameworksBuildPhase section */
		2C3A20A3199C61B70092AFB9 /* Frameworks */ = {
			isa = PBXFrameworksBuildPhase;
			buildActionMask = 2147483647;
			files = (
			);
			runOnlyForDeploymentPostprocessing = 0;
		};
		2C3A20B5199C61B70092AFB9 /* Frameworks */ = {
			isa = PBXFrameworksBuildPhase;
			buildActionMask = 2147483647;
			files = (
			);
			runOnlyForDeploymentPostprocessing = 0;
		};
/* End PBXFrameworksBuildPhase section */

/* Begin PBXGroup section */
		2C3A209D199C61B70092AFB9 = {
			isa = PBXGroup;
			children = (
				2C3A20A8199C61B70092AFB9 /* Person */,
				2C3A20BB199C61B70092AFB9 /* PersonTests */,
				2C3A20A7199C61B70092AFB9 /* Products */,
			);
			sourceTree = "<group>";
		};
		2C3A20A7199C61B70092AFB9 /* Products */ = {
			isa = PBXGroup;
			children = (
				2C3A20A6199C61B70092AFB9 /* Person.app */,
				2C3A20B8199C61B70092AFB9 /* PersonTests.xctest */,
			);
			name = Products;
			sourceTree = "<group>";
		};
		2C3A20A8199C61B70092AFB9 /* Person */ = {
			isa = PBXGroup;
			children = (
				2C3A20AB199C61B70092AFB9 /* AppDelegate.swift */,
				2C3A20AD199C61B70092AFB9 /* ViewController.swift */,
				2C3A20AF199C61B70092AFB9 /* Main.storyboard */,
				2C3A20C8199C61C80092AFB9 /* person.swift */,
				2C3A20CA199C6E230092AFB9 /* detailViewController.swift */,
				2C3A212619A554EB0092AFB9 /* yikbbrkiE.png */,
				2C3A20B2199C61B70092AFB9 /* Images.xcassets */,
				2C3A20A9199C61B70092AFB9 /* Supporting Files */,
			);
			path = Person;
			sourceTree = "<group>";
		};
		2C3A20A9199C61B70092AFB9 /* Supporting Files */ = {
			isa = PBXGroup;
			children = (
				2C3A20AA199C61B70092AFB9 /* Info.plist */,
			);
			name = "Supporting Files";
			sourceTree = "<group>";
		};
		2C3A20BB199C61B70092AFB9 /* PersonTests */ = {
			isa = PBXGroup;
			children = (
				2C3A20BE199C61B70092AFB9 /* PersonTests.swift */,
				2C3A20BC199C61B70092AFB9 /* Supporting Files */,
			);
			path = PersonTests;
			sourceTree = "<group>";
		};
		2C3A20BC199C61B70092AFB9 /* Supporting Files */ = {
			isa = PBXGroup;
			children = (
				2C3A20BD199C61B70092AFB9 /* Info.plist */,
			);
			name = "Supporting Files";
			sourceTree = "<group>";
		};
/* End PBXGroup section */

/* Begin PBXNativeTarget section */
		2C3A20A5199C61B70092AFB9 /* Person */ = {
			isa = PBXNativeTarget;
			buildConfigurationList = 2C3A20C2199C61B70092AFB9 /* Build configuration list for PBXNativeTarget "Person" */;
			buildPhases = (
				2C3A20A2199C61B70092AFB9 /* Sources */,
				2C3A20A3199C61B70092AFB9 /* Frameworks */,
				2C3A20A4199C61B70092AFB9 /* Resources */,
			);
			buildRules = (
			);
			dependencies = (
			);
			name = Person;
			productName = Person;
			productReference = 2C3A20A6199C61B70092AFB9 /* Person.app */;
			productType = "com.apple.product-type.application";
		};
		2C3A20B7199C61B70092AFB9 /* PersonTests */ = {
			isa = PBXNativeTarget;
			buildConfigurationList = 2C3A20C5199C61B70092AFB9 /* Build configuration list for PBXNativeTarget "PersonTests" */;
			buildPhases = (
				2C3A20B4199C61B70092AFB9 /* Sources */,
				2C3A20B5199C61B70092AFB9 /* Frameworks */,
				2C3A20B6199C61B70092AFB9 /* Resources */,
			);
			buildRules = (
			);
			dependencies = (
				2C3A20BA199C61B70092AFB9 /* PBXTargetDependency */,
			);
			name = PersonTests;
			productName = PersonTests;
			productReference = 2C3A20B8199C61B70092AFB9 /* PersonTests.xctest */;
			productType = "com.apple.product-type.bundle.unit-test";
		};
/* End PBXNativeTarget section */

/* Begin PBXProject section */
		2C3A209E199C61B70092AFB9 /* Project object */ = {
			isa = PBXProject;
			attributes = {
				LastUpgradeCheck = 0600;
				ORGANIZATIONNAME = "Christie Ferderer";
				TargetAttributes = {
					2C3A20A5199C61B70092AFB9 = {
						CreatedOnToolsVersion = 6.0;
					};
					2C3A20B7199C61B70092AFB9 = {
						CreatedOnToolsVersion = 6.0;
						TestTargetID = 2C3A20A5199C61B70092AFB9;
					};
				};
			};
			buildConfigurationList = 2C3A20A1199C61B70092AFB9 /* Build configuration list for PBXProject "Person" */;
			compatibilityVersion = "Xcode 3.2";
			developmentRegion = English;
			hasScannedForEncodings = 0;
			knownRegions = (
				en,
				Base,
			);
			mainGroup = 2C3A209D199C61B70092AFB9;
			productRefGroup = 2C3A20A7199C61B70092AFB9 /* Products */;
			projectDirPath = "";
			projectRoot = "";
			targets = (
				2C3A20A5199C61B70092AFB9 /* Person */,
				2C3A20B7199C61B70092AFB9 /* PersonTests */,
			);
		};
/* End PBXProject section */

/* Begin PBXResourcesBuildPhase section */
		2C3A20A4199C61B70092AFB9 /* Resources */ = {
			isa = PBXResourcesBuildPhase;
			buildActionMask = 2147483647;
			files = (
				2C3A212719A554EB0092AFB9 /* yikbbrkiE.png in Resources */,
				2C3A20B1199C61B70092AFB9 /* Main.storyboard in Resources */,
				2C3A20B3199C61B70092AFB9 /* Images.xcassets in Resources */,
			);
			runOnlyForDeploymentPostprocessing = 0;
		};
		2C3A20B6199C61B70092AFB9 /* Resources */ = {
			isa = PBXResourcesBuildPhase;
			buildActionMask = 2147483647;
			files = (
			);
			runOnlyForDeploymentPostprocessing = 0;
		};
/* End PBXResourcesBuildPhase section */

/* Begin PBXSourcesBuildPhase section */
		2C3A20A2199C61B70092AFB9 /* Sources */ = {
			isa = PBXSourcesBuildPhase;
			buildActionMask = 2147483647;
			files = (
				2C3A20AE199C61B70092AFB9 /* ViewController.swift in Sources */,
				2C3A20C9199C61C80092AFB9 /* person.swift in Sources */,
				2C3A20AC199C61B70092AFB9 /* AppDelegate.swift in Sources */,
				2C3A20CB199C6E230092AFB9 /* detailViewController.swift in Sources */,
			);
			runOnlyForDeploymentPostprocessing = 0;
		};
		2C3A20B4199C61B70092AFB9 /* Sources */ = {
			isa = PBXSourcesBuildPhase;
			buildActionMask = 2147483647;
			files = (
				2C3A20BF199C61B70092AFB9 /* PersonTests.swift in Sources */,
			);
			runOnlyForDeploymentPostprocessing = 0;
		};
/* End PBXSourcesBuildPhase section */

/* Begin PBXTargetDependency section */
		2C3A20BA199C61B70092AFB9 /* PBXTargetDependency */ = {
			isa = PBXTargetDependency;
			target = 2C3A20A5199C61B70092AFB9 /* Person */;
			targetProxy = 2C3A20B9199C61B70092AFB9 /* PBXContainerItemProxy */;
		};
/* End PBXTargetDependency section */

/* Begin PBXVariantGroup section */
		2C3A20AF199C61B70092AFB9 /* Main.storyboard */ = {
			isa = PBXVariantGroup;
			children = (
				2C3A20B0199C61B70092AFB9 /* Base */,
			);
			name = Main.storyboard;
			sourceTree = "<group>";
		};
/* End PBXVariantGroup section */

/* Begin XCBuildConfiguration section */
		2C3A20C0199C61B70092AFB9 /* Debug */ = {
			isa = XCBuildConfiguration;
			buildSettings = {
				ALWAYS_SEARCH_USER_PATHS = NO;
				CLANG_CXX_LANGUAGE_STANDARD = "gnu++0x";
				CLANG_CXX_LIBRARY = "libc++";
				CLANG_ENABLE_MODULES = YES;
				CLANG_ENABLE_OBJC_ARC = YES;
				CLANG_WARN_BOOL_CONVERSION = YES;
				CLANG_WARN_CONSTANT_CONVERSION = YES;
				CLANG_WARN_DIRECT_OBJC_ISA_USAGE = YES_ERROR;
				CLANG_WARN_EMPTY_BODY = YES;
				CLANG_WARN_ENUM_CONVERSION = YES;
				CLANG_WARN_INT_CONVERSION = YES;
				CLANG_WARN_OBJC_ROOT_CLASS = YES_ERROR;
				CLANG_WARN_UNREACHABLE_CODE = YES;
				CLANG_WARN__DUPLICATE_METHOD_MATCH = YES;
				"CODE_SIGN_IDENTITY[sdk=iphoneos*]" = "iPhone Developer";
				COPY_PHASE_STRIP = NO;
				ENABLE_STRICT_OBJC_MSGSEND = YES;
				GCC_C_LANGUAGE_STANDARD = gnu99;
				GCC_DYNAMIC_NO_PIC = NO;
				GCC_OPTIMIZATION_LEVEL = 0;
				GCC_PREPROCESSOR_DEFINITIONS = (
					"DEBUG=1",
					"$(inherited)",
				);
				GCC_SYMBOLS_PRIVATE_EXTERN = NO;
				GCC_WARN_64_TO_32_BIT_CONVERSION = YES;
				GCC_WARN_ABOUT_RETURN_TYPE = YES_ERROR;
				GCC_WARN_UNDECLARED_SELECTOR = YES;
				GCC_WARN_UNINITIALIZED_AUTOS = YES_AGGRESSIVE;
				GCC_WARN_UNUSED_FUNCTION = YES;
				GCC_WARN_UNUSED_VARIABLE = YES;
				IPHONEOS_DEPLOYMENT_TARGET = 8.0;
				MTL_ENABLE_DEBUG_INFO = YES;
				ONLY_ACTIVE_ARCH = YES;
				SDKROOT = iphoneos;
				SWIFT_OPTIMIZATION_LEVEL = "-Onone";
				TARGETED_DEVICE_FAMILY = "1,2";
			};
			name = Debug;
		};
		2C3A20C1199C61B70092AFB9 /* Release */ = {
			isa = XCBuildConfiguration;
			buildSettings = {
				ALWAYS_SEARCH_USER_PATHS = NO;
				CLANG_CXX_LANGUAGE_STANDARD = "gnu++0x";
				CLANG_CXX_LIBRARY = "libc++";
				CLANG_ENABLE_MODULES = YES;
				CLANG_ENABLE_OBJC_ARC = YES;
				CLANG_WARN_BOOL_CONVERSION = YES;
				CLANG_WARN_CONSTANT_CONVERSION = YES;
				CLANG_WARN_DIRECT_OBJC_ISA_USAGE = YES_ERROR;
				CLANG_WARN_EMPTY_BODY = YES;
				CLANG_WARN_ENUM_CONVERSION = YES;
				CLANG_WARN_INT_CONVERSION = YES;
				CLANG_WARN_OBJC_ROOT_CLASS = YES_ERROR;
				CLANG_WARN_UNREACHABLE_CODE = YES;
				CLANG_WARN__DUPLICATE_METHOD_MATCH = YES;
				"CODE_SIGN_IDENTITY[sdk=iphoneos*]" = "iPhone Developer";
				COPY_PHASE_STRIP = YES;
				ENABLE_NS_ASSERTIONS = NO;
				ENABLE_STRICT_OBJC_MSGSEND = YES;
				GCC_C_LANGUAGE_STANDARD = gnu99;
				GCC_WARN_64_TO_32_BIT_CONVERSION = YES;
				GCC_WARN_ABOUT_RETURN_TYPE = YES_ERROR;
				GCC_WARN_UNDECLARED_SELECTOR = YES;
				GCC_WARN_UNINITIALIZED_AUTOS = YES_AGGRESSIVE;
				GCC_WARN_UNUSED_FUNCTION = YES;
				GCC_WARN_UNUSED_VARIABLE = YES;
				IPHONEOS_DEPLOYMENT_TARGET = 8.0;
				MTL_ENABLE_DEBUG_INFO = NO;
				SDKROOT = iphoneos;
				TARGETED_DEVICE_FAMILY = "1,2";
				VALIDATE_PRODUCT = YES;
			};
			name = Release;
		};
		2C3A20C3199C61B70092AFB9 /* Debug */ = {
			isa = XCBuildConfiguration;
			buildSettings = {
				ASSETCATALOG_COMPILER_APPICON_NAME = AppIcon;
				ASSETCATALOG_COMPILER_LAUNCHIMAGE_NAME = LaunchImage;
				INFOPLIST_FILE = Person/Info.plist;
				LD_RUNPATH_SEARCH_PATHS = "$(inherited) @executable_path/Frameworks";
				PRODUCT_NAME = "$(TARGET_NAME)";
			};
			name = Debug;
		};
		2C3A20C4199C61B70092AFB9 /* Release */ = {
			isa = XCBuildConfiguration;
			buildSettings = {
				ASSETCATALOG_COMPILER_APPICON_NAME = AppIcon;
				ASSETCATALOG_COMPILER_LAUNCHIMAGE_NAME = LaunchImage;
				INFOPLIST_FILE = Person/Info.plist;
				LD_RUNPATH_SEARCH_PATHS = "$(inherited) @executable_path/Frameworks";
				PRODUCT_NAME = "$(TARGET_NAME)";
			};
			name = Release;
		};
		2C3A20C6199C61B70092AFB9 /* Debug */ = {
			isa = XCBuildConfiguration;
			buildSettings = {
				BUNDLE_LOADER = "$(TEST_HOST)";
				FRAMEWORK_SEARCH_PATHS = (
					"$(SDKROOT)/Developer/Library/Frameworks",
					"$(inherited)",
				);
				GCC_PREPROCESSOR_DEFINITIONS = (
					"DEBUG=1",
					"$(inherited)",
				);
				INFOPLIST_FILE = PersonTests/Info.plist;
				LD_RUNPATH_SEARCH_PATHS = "$(inherited) @executable_path/Frameworks @loader_path/Frameworks";
				PRODUCT_NAME = "$(TARGET_NAME)";
				TEST_HOST = "$(BUILT_PRODUCTS_DIR)/Person.app/Person";
			};
			name = Debug;
		};
		2C3A20C7199C61B70092AFB9 /* Release */ = {
			isa = XCBuildConfiguration;
			buildSettings = {
				BUNDLE_LOADER = "$(TEST_HOST)";
				FRAMEWORK_SEARCH_PATHS = (
					"$(SDKROOT)/Developer/Library/Frameworks",
					"$(inherited)",
				);
				INFOPLIST_FILE = PersonTests/Info.plist;
				LD_RUNPATH_SEARCH_PATHS = "$(inherited) @executable_path/Frameworks @loader_path/Frameworks";
				PRODUCT_NAME = "$(TARGET_NAME)";
				TEST_HOST = "$(BUILT_PRODUCTS_DIR)/Person.app/Person";
			};
			name = Release;
		};
/* End XCBuildConfiguration section */

/* Begin XCConfigurationList section */
		2C3A20A1199C61B70092AFB9 /* Build configuration list for PBXProject "Person" */ = {
			isa = XCConfigurationList;
			buildConfigurations = (
				2C3A20C0199C61B70092AFB9 /* Debug */,
				2C3A20C1199C61B70092AFB9 /* Release */,
			);
			defaultConfigurationIsVisible = 0;
			defaultConfigurationName = Release;
		};
		2C3A20C2199C61B70092AFB9 /* Build configuration list for PBXNativeTarget "Person" */ = {
			isa = XCConfigurationList;
			buildConfigurations = (
				2C3A20C3199C61B70092AFB9 /* Debug */,
				2C3A20C4199C61B70092AFB9 /* Release */,
			);
			defaultConfigurationIsVisible = 0;
		};
		2C3A20C5199C61B70092AFB9 /* Build configuration list for PBXNativeTarget "PersonTests" */ = {
			isa = XCConfigurationList;
			buildConfigurations = (
				2C3A20C6199C61B70092AFB9 /* Debug */,
				2C3A20C7199C61B70092AFB9 /* Release */,
			);
			defaultConfigurationIsVisible = 0;
		};
/* End XCConfigurationList section */
	};
	rootObject = 2C3A209E199C61B70092AFB9 /* Project object */;
}
